
Microsoft Visual Studio Solution File, Format Version 12.00
# Visual Studio 15
VisualStudioVersion = 15.0.26430.14
MinimumVisualStudioVersion = 10.0.40219.1
Project("{2150E333-8FDC-42A3-9474-1A3956D46DE8}") = "Solution Items", "Solution Items", "{AE63CD1A-96C7-44F8-9943-EF3F9B257ECD}"
	ProjectSection(SolutionItems) = preProject
		.gitattributes = .gitattributes
		.gitignore = .gitignore
		appveyor.yml = appveyor.yml
		README.md = README.md
	EndProjectSection
EndProject
Project("{2150E333-8FDC-42A3-9474-1A3956D46DE8}") = "Test", "Test", "{E1277E3F-8257-4A57-B8B1-CC2142BF4549}"
EndProject
Project("{2150E333-8FDC-42A3-9474-1A3956D46DE8}") = "Build", "Build", "{B0E7F713-595A-4C85-A0C1-4FBE68018040}"
	ProjectSection(SolutionItems) = preProject
		build\build.ps1 = build\build.ps1
		build\cover.ps1 = build\cover.ps1
		build\install.ps1 = build\install.ps1
		build\installDotnet.ps1 = build\installDotnet.ps1
		build\test.ps1 = build\test.ps1
	EndProjectSection
EndProject
Project("{2150E333-8FDC-42A3-9474-1A3956D46DE8}") = "Samples", "Samples", "{A04EE5E2-0776-4874-97C2-9F2C00BE244D}"
EndProject
Project("{9A19103F-16F7-4668-BE54-9A1E7A4F7556}") = "Equalizer.Core", "src\Equalizer.Core\Equalizer.Core.csproj", "{025C048C-523D-41C9-AC5E-033AF43D23F4}"
EndProject
Project("{9A19103F-16F7-4668-BE54-9A1E7A4F7556}") = "Equalizer.Routers", "src\Equalizer.Routers\Equalizer.Routers.csproj", "{42558B21-A2E1-40E1-AC77-33210A9C40EA}"
EndProject
Project("{9A19103F-16F7-4668-BE54-9A1E7A4F7556}") = "Equalizer.Routers.Tests", "test\Equalizer.Routers.Tests\Equalizer.Routers.Tests.csproj", "{5A37463F-F466-401F-B972-6C935DC7BA7F}"
EndProject
Project("{9A19103F-16F7-4668-BE54-9A1E7A4F7556}") = "Equalizer.LoadBalancer", "samples\Equalizer.LoadBalancer\Equalizer.LoadBalancer.csproj", "{DB0B3878-85AE-4941-9E5E-46E95EE2E2EE}"
EndProject
Project("{9A19103F-16F7-4668-BE54-9A1E7A4F7556}") = "Equalizer.Middleware.Core", "src\Equalizer.Middleware.Core\Equalizer.Middleware.Core.csproj", "{F62983C3-BF11-42C1-B4DB-A5496BD257DF}"
EndProject
Project("{9A19103F-16F7-4668-BE54-9A1E7A4F7556}") = "Equalizer.Middleware", "src\Equalizer.Middleware\Equalizer.Middleware.csproj", "{17C89025-155B-405F-9324-75EEE7E41F54}"
EndProject
Project("{9A19103F-16F7-4668-BE54-9A1E7A4F7556}") = "Equalizer.Middleware.Core.Tests", "test\Equalizer.Middleware.Core.Tests\Equalizer.Middleware.Core.Tests.csproj", "{9E3B10C8-2E6A-4AE7-9706-170990DB01D4}"
EndProject
Project("{9A19103F-16F7-4668-BE54-9A1E7A4F7556}") = "Equalizer.Middleware.Tests", "test\Equalizer.Middleware.Tests\Equalizer.Middleware.Tests.csproj", "{1750EA75-7F49-481D-835B-DC4B626F4F33}"
EndProject
Project("{9A19103F-16F7-4668-BE54-9A1E7A4F7556}") = "Equalizer.Middleware.Owin", "src\Equalizer.Middleware.Owin\Equalizer.Middleware.Owin.csproj", "{EB8B8098-60CC-484E-8988-A923B05CF80C}"
EndProject
Project("{9A19103F-16F7-4668-BE54-9A1E7A4F7556}") = "Equalizer.Middleware.Owin.Tests", "test\Equalizer.Middleware.Owin.Tests\Equalizer.Middleware.Owin.Tests.csproj", "{5BE95A99-20F0-4088-93ED-B66EED1C0F25}"
EndProject
Project("{9A19103F-16F7-4668-BE54-9A1E7A4F7556}") = "Equalizer.LoadBalancer.Owin", "samples\Equalizer.LoadBalancer.Owin\Equalizer.LoadBalancer.Owin.csproj", "{ADB9987F-9191-4262-AB32-8404FB5F4E46}"
EndProject
Global
	GlobalSection(SolutionConfigurationPlatforms) = preSolution
		Debug|Any CPU = Debug|Any CPU
		Release|Any CPU = Release|Any CPU
	EndGlobalSection
	GlobalSection(ProjectConfigurationPlatforms) = postSolution
		{025C048C-523D-41C9-AC5E-033AF43D23F4}.Debug|Any CPU.ActiveCfg = Debug|Any CPU
		{025C048C-523D-41C9-AC5E-033AF43D23F4}.Debug|Any CPU.Build.0 = Debug|Any CPU
		{025C048C-523D-41C9-AC5E-033AF43D23F4}.Release|Any CPU.ActiveCfg = Release|Any CPU
		{025C048C-523D-41C9-AC5E-033AF43D23F4}.Release|Any CPU.Build.0 = Release|Any CPU
		{42558B21-A2E1-40E1-AC77-33210A9C40EA}.Debug|Any CPU.ActiveCfg = Debug|Any CPU
		{42558B21-A2E1-40E1-AC77-33210A9C40EA}.Debug|Any CPU.Build.0 = Debug|Any CPU
		{42558B21-A2E1-40E1-AC77-33210A9C40EA}.Release|Any CPU.ActiveCfg = Release|Any CPU
		{42558B21-A2E1-40E1-AC77-33210A9C40EA}.Release|Any CPU.Build.0 = Release|Any CPU
		{5A37463F-F466-401F-B972-6C935DC7BA7F}.Debug|Any CPU.ActiveCfg = Debug|Any CPU
		{5A37463F-F466-401F-B972-6C935DC7BA7F}.Debug|Any CPU.Build.0 = Debug|Any CPU
		{5A37463F-F466-401F-B972-6C935DC7BA7F}.Release|Any CPU.ActiveCfg = Release|Any CPU
		{DB0B3878-85AE-4941-9E5E-46E95EE2E2EE}.Debug|Any CPU.ActiveCfg = Debug|Any CPU
		{DB0B3878-85AE-4941-9E5E-46E95EE2E2EE}.Debug|Any CPU.Build.0 = Debug|Any CPU
		{DB0B3878-85AE-4941-9E5E-46E95EE2E2EE}.Release|Any CPU.ActiveCfg = Release|Any CPU
		{F62983C3-BF11-42C1-B4DB-A5496BD257DF}.Debug|Any CPU.ActiveCfg = Debug|Any CPU
		{F62983C3-BF11-42C1-B4DB-A5496BD257DF}.Debug|Any CPU.Build.0 = Debug|Any CPU
		{F62983C3-BF11-42C1-B4DB-A5496BD257DF}.Release|Any CPU.ActiveCfg = Release|Any CPU
		{F62983C3-BF11-42C1-B4DB-A5496BD257DF}.Release|Any CPU.Build.0 = Release|Any CPU
		{17C89025-155B-405F-9324-75EEE7E41F54}.Debug|Any CPU.ActiveCfg = Debug|Any CPU
		{17C89025-155B-405F-9324-75EEE7E41F54}.Debug|Any CPU.Build.0 = Debug|Any CPU
		{17C89025-155B-405F-9324-75EEE7E41F54}.Release|Any CPU.ActiveCfg = Release|Any CPU
		{17C89025-155B-405F-9324-75EEE7E41F54}.Release|Any CPU.Build.0 = Release|Any CPU
		{9E3B10C8-2E6A-4AE7-9706-170990DB01D4}.Debug|Any CPU.ActiveCfg = Debug|Any CPU
		{9E3B10C8-2E6A-4AE7-9706-170990DB01D4}.Debug|Any CPU.Build.0 = Debug|Any CPU
		{9E3B10C8-2E6A-4AE7-9706-170990DB01D4}.Release|Any CPU.ActiveCfg = Release|Any CPU
		{1750EA75-7F49-481D-835B-DC4B626F4F33}.Debug|Any CPU.ActiveCfg = Debug|Any CPU
		{1750EA75-7F49-481D-835B-DC4B626F4F33}.Debug|Any CPU.Build.0 = Debug|Any CPU
		{1750EA75-7F49-481D-835B-DC4B626F4F33}.Release|Any CPU.ActiveCfg = Release|Any CPU
		{EB8B8098-60CC-484E-8988-A923B05CF80C}.Debug|Any CPU.ActiveCfg = Debug|Any CPU
		{EB8B8098-60CC-484E-8988-A923B05CF80C}.Debug|Any CPU.Build.0 = Debug|Any CPU
		{EB8B8098-60CC-484E-8988-A923B05CF80C}.Release|Any CPU.ActiveCfg = Release|Any CPU
		{EB8B8098-60CC-484E-8988-A923B05CF80C}.Release|Any CPU.Build.0 = Release|Any CPU
		{5BE95A99-20F0-4088-93ED-B66EED1C0F25}.Debug|Any CPU.ActiveCfg = Debug|Any CPU
		{5BE95A99-20F0-4088-93ED-B66EED1C0F25}.Debug|Any CPU.Build.0 = Debug|Any CPU
		{5BE95A99-20F0-4088-93ED-B66EED1C0F25}.Release|Any CPU.ActiveCfg = Release|Any CPU
		{5BE95A99-20F0-4088-93ED-B66EED1C0F25}.Release|Any CPU.Build.0 = Release|Any CPU
		{ADB9987F-9191-4262-AB32-8404FB5F4E46}.Debug|Any CPU.ActiveCfg = Debug|Any CPU
		{ADB9987F-9191-4262-AB32-8404FB5F4E46}.Debug|Any CPU.Build.0 = Debug|Any CPU
		{ADB9987F-9191-4262-AB32-8404FB5F4E46}.Release|Any CPU.ActiveCfg = Release|Any CPU
		{ADB9987F-9191-4262-AB32-8404FB5F4E46}.Release|Any CPU.Build.0 = Release|Any CPU
	EndGlobalSection
	GlobalSection(SolutionProperties) = preSolution
		HideSolutionNode = FALSE
	EndGlobalSection
	GlobalSection(NestedProjects) = preSolution
		{5A37463F-F466-401F-B972-6C935DC7BA7F} = {E1277E3F-8257-4A57-B8B1-CC2142BF4549}
		{DB0B3878-85AE-4941-9E5E-46E95EE2E2EE} = {A04EE5E2-0776-4874-97C2-9F2C00BE244D}
		{9E3B10C8-2E6A-4AE7-9706-170990DB01D4} = {E1277E3F-8257-4A57-B8B1-CC2142BF4549}
		{1750EA75-7F49-481D-835B-DC4B626F4F33} = {E1277E3F-8257-4A57-B8B1-CC2142BF4549}
		{5BE95A99-20F0-4088-93ED-B66EED1C0F25} = {E1277E3F-8257-4A57-B8B1-CC2142BF4549}
		{ADB9987F-9191-4262-AB32-8404FB5F4E46} = {A04EE5E2-0776-4874-97C2-9F2C00BE244D}
	EndGlobalSection
EndGlobal
